{
  "name": "practicas",
  "version": "1.0.0",
  "lockfileVersion": 1,
  "requires": true,
  "dependencies": {
    "bindings": {
      "version": "1.3.0",
      "resolved": "https://registry.npmjs.org/bindings/-/bindings-1.3.0.tgz",
      "integrity": "sha512-DpLh5EzMR2kzvX1KIlVC0VkC3iZtHKTgdtZ0a3pglBZdaQFjt5S9g9xd1lE+YvXyfd6mtCeRnrUfOLYiTMlNSw=="
    },
    "robotois-lcd-display": {
      "version": "git+https://github.com/Robotois/robotois-lcd-display.git#7e462003594cfbc727bab3225ab9c816e347b3fd",
      "requires": {
        "bindings": "1.3.0"
      }
    },
    "robotois-led": {
      "version": "git+https://github.com/Robotois/robotois-led.git#c3cbe62c41049c800457fcd66dfb6cf745cf0ca2",
      "requires": {
        "bindings": "1.3.0"
      }
    },
    "robotois-rotary-sensor": {
      "version": "git+https://github.com/Robotois/robotois-rotary-sensor.git#73ab47839aef9262e16b616eb02b149321f172cc",
      "requires": {
        "bindings": "1.3.0"
      }
    }
  }
}
